
Microsoft Visual Studio Solution File, Format Version 12.00
# Visual Studio 2013
VisualStudioVersion = 12.0.31101.0
MinimumVisualStudioVersion = 10.0.40219.1
Project("{FAE04EC0-301F-11D3-BF4B-00C04F79EFBC}") = "Raspisanie", "WindowsFormsApplication1\Raspisanie.csproj", "{94606A77-5B80-44B5-A676-ED290CBF2177}"
EndProject
Project("{FAE04EC0-301F-11D3-BF4B-00C04F79EFBC}") = "UnitTest", "UnitTest\UnitTest.csproj", "{F38B3E95-3CFA-4EB0-B6E5-A320AF3FACE8}"
EndProject
Project("{FAE04EC0-301F-11D3-BF4B-00C04F79EFBC}") = "test_match", "ClassLibrary1\test_match.csproj", "{217E91A7-E7F1-43F3-AA31-BD86F7F7A7C1}"
EndProject
Global
	GlobalSection(SolutionConfigurationPlatforms) = preSolution
		Debug|Any CPU = Debug|Any CPU
		Release|Any CPU = Release|Any CPU
	EndGlobalSection
	GlobalSection(ProjectConfigurationPlatforms) = postSolution
		{94606A77-5B80-44B5-A676-ED290CBF2177}.Debug|Any CPU.ActiveCfg = Debug|Any CPU
		{94606A77-5B80-44B5-A676-ED290CBF2177}.Debug|Any CPU.Build.0 = Debug|Any CPU
		{94606A77-5B80-44B5-A676-ED290CBF2177}.Release|Any CPU.ActiveCfg = Release|Any CPU
		{94606A77-5B80-44B5-A676-ED290CBF2177}.Release|Any CPU.Build.0 = Release|Any CPU
		{F38B3E95-3CFA-4EB0-B6E5-A320AF3FACE8}.Debug|Any CPU.ActiveCfg = Debug|Any CPU
		{F38B3E95-3CFA-4EB0-B6E5-A320AF3FACE8}.Debug|Any CPU.Build.0 = Debug|Any CPU
		{F38B3E95-3CFA-4EB0-B6E5-A320AF3FACE8}.Release|Any CPU.ActiveCfg = Release|Any CPU
		{F38B3E95-3CFA-4EB0-B6E5-A320AF3FACE8}.Release|Any CPU.Build.0 = Release|Any CPU
		{217E91A7-E7F1-43F3-AA31-BD86F7F7A7C1}.Debug|Any CPU.ActiveCfg = Debug|Any CPU
		{217E91A7-E7F1-43F3-AA31-BD86F7F7A7C1}.Debug|Any CPU.Build.0 = Debug|Any CPU
		{217E91A7-E7F1-43F3-AA31-BD86F7F7A7C1}.Release|Any CPU.ActiveCfg = Release|Any CPU
		{217E91A7-E7F1-43F3-AA31-BD86F7F7A7C1}.Release|Any CPU.Build.0 = Release|Any CPU
	EndGlobalSection
	GlobalSection(SolutionProperties) = preSolution
		HideSolutionNode = FALSE
	EndGlobalSection
EndGlobal
